# This file is automatically @generated by Cargo.
# It is not intended for manual editing.
version = 4

[[package]]
name = "staple-adapters"
version = "0.1.0"

[[package]]
name = "staple-app"
version = "0.1.0"
dependencies = [
 "staple-domain",
]

[[package]]
name = "staple-data"
version = "0.1.0"

[[package]]
name = "staple-domain"
version = "0.1.0"
